
Microsoft Visual Studio Solution File, Format Version 12.00
# Visual Studio Version 17
VisualStudioVersion = 17.2.32526.322
MinimumVisualStudioVersion = 10.0.40219.1
Project("{FAE04EC0-301F-11D3-BF4B-00C04F79EFBC}") = "Lab5", "Lab5\Lab5.csproj", "{7B384E17-B69E-4CFA-88A7-D7B6D1CC6A73}"
EndProject
Project("{FAE04EC0-301F-11D3-BF4B-00C04F79EFBC}") = "UniTestLab8", "UniTestLab8\UniTestLab8.csproj", "{D46B368E-55CB-47FB-82AF-E18479A50351}"
EndProject
Global
	GlobalSection(SolutionConfigurationPlatforms) = preSolution
		Debug|Any CPU = Debug|Any CPU
		Release|Any CPU = Release|Any CPU
	EndGlobalSection
	GlobalSection(ProjectConfigurationPlatforms) = postSolution
		{7B384E17-B69E-4CFA-88A7-D7B6D1CC6A73}.Debug|Any CPU.ActiveCfg = Debug|Any CPU
		{7B384E17-B69E-4CFA-88A7-D7B6D1CC6A73}.Debug|Any CPU.Build.0 = Debug|Any CPU
		{7B384E17-B69E-4CFA-88A7-D7B6D1CC6A73}.Release|Any CPU.ActiveCfg = Release|Any CPU
		{7B384E17-B69E-4CFA-88A7-D7B6D1CC6A73}.Release|Any CPU.Build.0 = Release|Any CPU
		{D46B368E-55CB-47FB-82AF-E18479A50351}.Debug|Any CPU.ActiveCfg = Debug|Any CPU
		{D46B368E-55CB-47FB-82AF-E18479A50351}.Debug|Any CPU.Build.0 = Debug|Any CPU
		{D46B368E-55CB-47FB-82AF-E18479A50351}.Release|Any CPU.ActiveCfg = Release|Any CPU
		{D46B368E-55CB-47FB-82AF-E18479A50351}.Release|Any CPU.Build.0 = Release|Any CPU
	EndGlobalSection
	GlobalSection(SolutionProperties) = preSolution
		HideSolutionNode = FALSE
	EndGlobalSection
	GlobalSection(ExtensibilityGlobals) = postSolution
		SolutionGuid = {EA1C305C-85F1-484A-8453-0BDBF66C5707}
	EndGlobalSection
EndGlobal
